
Microsoft Visual Studio Solution File, Format Version 12.00
# Visual Studio Version 17
VisualStudioVersion = 17.7.34202.233
MinimumVisualStudioVersion = 10.0.40219.1
Project("{FAE04EC0-301F-11D3-BF4B-00C04F79EFBC}") = "BikerStoreWUI", "BikerStoreWUI\BikerStoreWUI.csproj", "{0B410E12-391C-4E83-85FB-3BD1861CA887}"
EndProject
Global
	GlobalSection(SolutionConfigurationPlatforms) = preSolution
		Debug|Any CPU = Debug|Any CPU
		Release|Any CPU = Release|Any CPU
	EndGlobalSection
	GlobalSection(ProjectConfigurationPlatforms) = postSolution
		{0B410E12-391C-4E83-85FB-3BD1861CA887}.Debug|Any CPU.ActiveCfg = Debug|Any CPU
		{0B410E12-391C-4E83-85FB-3BD1861CA887}.Debug|Any CPU.Build.0 = Debug|Any CPU
		{0B410E12-391C-4E83-85FB-3BD1861CA887}.Release|Any CPU.ActiveCfg = Release|Any CPU
		{0B410E12-391C-4E83-85FB-3BD1861CA887}.Release|Any CPU.Build.0 = Release|Any CPU
	EndGlobalSection
	GlobalSection(SolutionProperties) = preSolution
		HideSolutionNode = FALSE
	EndGlobalSection
	GlobalSection(ExtensibilityGlobals) = postSolution
		SolutionGuid = {0A63BCA6-7586-4DB0-9691-F92107F17A23}
	EndGlobalSection
EndGlobal
